// !$*UTF8*$!
{
	archiveVersion = 1;
	classes = {
	};
	objectVersion = 46;
	objects = {

/* Begin PBXBuildFile section */
		6202641C5D79882663792FEC /* libPods-BeeroTests.a in Frameworks */ = {isa = PBXBuildFile; fileRef = 61855FA27DF41AB3F4B7C118 /* libPods-BeeroTests.a */; };
		830987071B68B8A900F56230 /* BERBrandManager.m in Sources */ = {isa = PBXBuildFile; fileRef = 830987061B68B8A900F56230 /* BERBrandManager.m */; };
		8309870A1B68BDA900F56230 /* BERBrandDataModel.m in Sources */ = {isa = PBXBuildFile; fileRef = 830987091B68BDA900F56230 /* BERBrandDataModel.m */; };
		83DF7D741B5E3B680060CA01 /* main.m in Sources */ = {isa = PBXBuildFile; fileRef = 83DF7D731B5E3B680060CA01 /* main.m */; };
		83DF7D771B5E3B680060CA01 /* AppDelegate.m in Sources */ = {isa = PBXBuildFile; fileRef = 83DF7D761B5E3B680060CA01 /* AppDelegate.m */; };
		83DF7D7D1B5E3B680060CA01 /* Main.storyboard in Resources */ = {isa = PBXBuildFile; fileRef = 83DF7D7B1B5E3B680060CA01 /* Main.storyboard */; };
		83DF7D7F1B5E3B680060CA01 /* Images.xcassets in Resources */ = {isa = PBXBuildFile; fileRef = 83DF7D7E1B5E3B680060CA01 /* Images.xcassets */; };
		83DF7D8E1B5E3B690060CA01 /* BeeroTests.m in Sources */ = {isa = PBXBuildFile; fileRef = 83DF7D8D1B5E3B690060CA01 /* BeeroTests.m */; };
		83DF7DB31B5E64D70060CA01 /* BERErrorManager.m in Sources */ = {isa = PBXBuildFile; fileRef = 83DF7DB21B5E64D70060CA01 /* BERErrorManager.m */; };
		83DF7DB61B5E64FB0060CA01 /* BERGenericFunctionManager.m in Sources */ = {isa = PBXBuildFile; fileRef = 83DF7DB51B5E64FB0060CA01 /* BERGenericFunctionManager.m */; };
		83DF7DB91B5E654D0060CA01 /* BERGMPlaceAutoCompleteDataModel.m in Sources */ = {isa = PBXBuildFile; fileRef = 83DF7DB81B5E654D0060CA01 /* BERGMPlaceAutoCompleteDataModel.m */; };
		83DF7DBC1B5E65860060CA01 /* BERLocalstorageManager.m in Sources */ = {isa = PBXBuildFile; fileRef = 83DF7DBB1B5E65860060CA01 /* BERLocalstorageManager.m */; };
		83DF7DBF1B5E65BE0060CA01 /* BERLocationManager.m in Sources */ = {isa = PBXBuildFile; fileRef = 83DF7DBE1B5E65BE0060CA01 /* BERLocationManager.m */; };
		83DF7DC21B5E664F0060CA01 /* BERUrlManager.m in Sources */ = {isa = PBXBuildFile; fileRef = 83DF7DC11B5E664F0060CA01 /* BERUrlManager.m */; };
		83DF7DC51B5E67180060CA01 /* BERSplashLoadingVC.m in Sources */ = {isa = PBXBuildFile; fileRef = 83DF7DC41B5E67180060CA01 /* BERSplashLoadingVC.m */; };
		83DF7DC81B5E678D0060CA01 /* BERBrandSelectVC.m in Sources */ = {isa = PBXBuildFile; fileRef = 83DF7DC71B5E678D0060CA01 /* BERBrandSelectVC.m */; };
		83DF7DCC1B5E68520060CA01 /* BERBrandTVC.m in Sources */ = {isa = PBXBuildFile; fileRef = 83DF7DCB1B5E68520060CA01 /* BERBrandTVC.m */; };
		83DF7DCF1B5E80C60060CA01 /* BERSearchVC.m in Sources */ = {isa = PBXBuildFile; fileRef = 83DF7DCE1B5E80C60060CA01 /* BERSearchVC.m */; };
		83DF7DD21B5E80F50060CA01 /* BERSearchResultBodyTVC.m in Sources */ = {isa = PBXBuildFile; fileRef = 83DF7DD11B5E80F50060CA01 /* BERSearchResultBodyTVC.m */; };
		83DF7DD51B5E812F0060CA01 /* BERSearchResultFooterTVC.m in Sources */ = {isa = PBXBuildFile; fileRef = 83DF7DD41B5E812F0060CA01 /* BERSearchResultFooterTVC.m */; };
		83DF7DD81B5EAE5D0060CA01 /* BERDealDetailsVC.m in Sources */ = {isa = PBXBuildFile; fileRef = 83DF7DD71B5EAE5D0060CA01 /* BERDealDetailsVC.m */; };
		83FBCAC51B6054D000A3A311 /* BERNearbyDealsVC.m in Sources */ = {isa = PBXBuildFile; fileRef = 83FBCAC41B6054D000A3A311 /* BERNearbyDealsVC.m */; };
		83FBCAC81B6054E700A3A311 /* BERStoreDetailsVC.m in Sources */ = {isa = PBXBuildFile; fileRef = 83FBCAC71B6054E700A3A311 /* BERStoreDetailsVC.m */; };
		83FBCACB1B60733000A3A311 /* SupportedArea.plist in Resources */ = {isa = PBXBuildFile; fileRef = 83FBCACA1B60733000A3A311 /* SupportedArea.plist */; };
		83FBCACE1B6079C500A3A311 /* BERDataManager.m in Sources */ = {isa = PBXBuildFile; fileRef = 83FBCACD1B6079C500A3A311 /* BERDataManager.m */; };
		BC967238E725A2CC4C8A1D1F /* libPods-Beero.a in Frameworks */ = {isa = PBXBuildFile; fileRef = EC558A77295547A9E5F2544D /* libPods-Beero.a */; };
/* End PBXBuildFile section */

/* Begin PBXContainerItemProxy section */
		83DF7D881B5E3B690060CA01 /* PBXContainerItemProxy */ = {
			isa = PBXContainerItemProxy;
			containerPortal = 83DF7D661B5E3B680060CA01 /* Project object */;
			proxyType = 1;
			remoteGlobalIDString = 83DF7D6D1B5E3B680060CA01;
			remoteInfo = Beero;
		};
/* End PBXContainerItemProxy section */

/* Begin PBXFileReference section */
		442F08617EE5CBA86CBF2194 /* Pods-Beero.release.xcconfig */ = {isa = PBXFileReference; includeInIndex = 1; lastKnownFileType = text.xcconfig; name = "Pods-Beero.release.xcconfig"; path = "Pods/Target Support Files/Pods-Beero/Pods-Beero.release.xcconfig"; sourceTree = "<group>"; };
		61855FA27DF41AB3F4B7C118 /* libPods-BeeroTests.a */ = {isa = PBXFileReference; explicitFileType = archive.ar; includeInIndex = 0; path = "libPods-BeeroTests.a"; sourceTree = BUILT_PRODUCTS_DIR; };
		830987051B68B8A900F56230 /* BERBrandManager.h */ = {isa = PBXFileReference; fileEncoding = 4; lastKnownFileType = sourcecode.c.h; name = BERBrandManager.h; path = Model/Brand/BERBrandManager.h; sourceTree = "<group>"; };
		830987061B68B8A900F56230 /* BERBrandManager.m */ = {isa = PBXFileReference; fileEncoding = 4; lastKnownFileType = sourcecode.c.objc; name = BERBrandManager.m; path = Model/Brand/BERBrandManager.m; sourceTree = "<group>"; };
		830987081B68BDA900F56230 /* BERBrandDataModel.h */ = {isa = PBXFileReference; fileEncoding = 4; lastKnownFileType = sourcecode.c.h; name = BERBrandDataModel.h; path = Model/Brand/BERBrandDataModel.h; sourceTree = "<group>"; };
		830987091B68BDA900F56230 /* BERBrandDataModel.m */ = {isa = PBXFileReference; fileEncoding = 4; lastKnownFileType = sourcecode.c.objc; name = BERBrandDataModel.m; path = Model/Brand/BERBrandDataModel.m; sourceTree = "<group>"; };
		83DF7D6E1B5E3B680060CA01 /* Beero.app */ = {isa = PBXFileReference; explicitFileType = wrapper.application; includeInIndex = 0; path = Beero.app; sourceTree = BUILT_PRODUCTS_DIR; };
		83DF7D721B5E3B680060CA01 /* Info.plist */ = {isa = PBXFileReference; lastKnownFileType = text.plist.xml; path = Info.plist; sourceTree = "<group>"; };
		83DF7D731B5E3B680060CA01 /* main.m */ = {isa = PBXFileReference; lastKnownFileType = sourcecode.c.objc; path = main.m; sourceTree = "<group>"; };
		83DF7D751B5E3B680060CA01 /* AppDelegate.h */ = {isa = PBXFileReference; lastKnownFileType = sourcecode.c.h; path = AppDelegate.h; sourceTree = "<group>"; };
		83DF7D761B5E3B680060CA01 /* AppDelegate.m */ = {isa = PBXFileReference; lastKnownFileType = sourcecode.c.objc; path = AppDelegate.m; sourceTree = "<group>"; };
		83DF7D7C1B5E3B680060CA01 /* Base */ = {isa = PBXFileReference; lastKnownFileType = file.storyboard; name = Base; path = Base.lproj/Main.storyboard; sourceTree = "<group>"; };
		83DF7D7E1B5E3B680060CA01 /* Images.xcassets */ = {isa = PBXFileReference; lastKnownFileType = folder.assetcatalog; path = Images.xcassets; sourceTree = "<group>"; };
		83DF7D871B5E3B690060CA01 /* BeeroTests.xctest */ = {isa = PBXFileReference; explicitFileType = wrapper.cfbundle; includeInIndex = 0; path = BeeroTests.xctest; sourceTree = BUILT_PRODUCTS_DIR; };
		83DF7D8C1B5E3B690060CA01 /* Info.plist */ = {isa = PBXFileReference; lastKnownFileType = text.plist.xml; path = Info.plist; sourceTree = "<group>"; };
		83DF7D8D1B5E3B690060CA01 /* BeeroTests.m */ = {isa = PBXFileReference; lastKnownFileType = sourcecode.c.objc; path = BeeroTests.m; sourceTree = "<group>"; };
		83DF7DA91B5E49830060CA01 /* Global.h */ = {isa = PBXFileReference; fileEncoding = 4; lastKnownFileType = sourcecode.c.h; name = Global.h; path = Model/Global.h; sourceTree = "<group>"; };
		83DF7DB11B5E64D70060CA01 /* BERErrorManager.h */ = {isa = PBXFileReference; fileEncoding = 4; lastKnownFileType = sourcecode.c.h; name = BERErrorManager.h; path = Model/BERErrorManager.h; sourceTree = "<group>"; };
		83DF7DB21B5E64D70060CA01 /* BERErrorManager.m */ = {isa = PBXFileReference; fileEncoding = 4; lastKnownFileType = sourcecode.c.objc; name = BERErrorManager.m; path = Model/BERErrorManager.m; sourceTree = "<group>"; };
		83DF7DB41B5E64FB0060CA01 /* BERGenericFunctionManager.h */ = {isa = PBXFileReference; fileEncoding = 4; lastKnownFileType = sourcecode.c.h; name = BERGenericFunctionManager.h; path = Model/BERGenericFunctionManager.h; sourceTree = "<group>"; };
		83DF7DB51B5E64FB0060CA01 /* BERGenericFunctionManager.m */ = {isa = PBXFileReference; fileEncoding = 4; lastKnownFileType = sourcecode.c.objc; name = BERGenericFunctionManager.m; path = Model/BERGenericFunctionManager.m; sourceTree = "<group>"; };
		83DF7DB71B5E654D0060CA01 /* BERGMPlaceAutoCompleteDataModel.h */ = {isa = PBXFileReference; fileEncoding = 4; lastKnownFileType = sourcecode.c.h; name = BERGMPlaceAutoCompleteDataModel.h; path = Model/BERGMPlaceAutoCompleteDataModel.h; sourceTree = "<group>"; };
		83DF7DB81B5E654D0060CA01 /* BERGMPlaceAutoCompleteDataModel.m */ = {isa = PBXFileReference; fileEncoding = 4; lastKnownFileType = sourcecode.c.objc; name = BERGMPlaceAutoCompleteDataModel.m; path = Model/BERGMPlaceAutoCompleteDataModel.m; sourceTree = "<group>"; };
		83DF7DBA1B5E65860060CA01 /* BERLocalstorageManager.h */ = {isa = PBXFileReference; fileEncoding = 4; lastKnownFileType = sourcecode.c.h; name = BERLocalstorageManager.h; path = Model/BERLocalstorageManager.h; sourceTree = "<group>"; };
		83DF7DBB1B5E65860060CA01 /* BERLocalstorageManager.m */ = {isa = PBXFileReference; fileEncoding = 4; lastKnownFileType = sourcecode.c.objc; name = BERLocalstorageManager.m; path = Model/BERLocalstorageManager.m; sourceTree = "<group>"; };
		83DF7DBD1B5E65BE0060CA01 /* BERLocationManager.h */ = {isa = PBXFileReference; fileEncoding = 4; lastKnownFileType = sourcecode.c.h; name = BERLocationManager.h; path = Model/BERLocationManager.h; sourceTree = "<group>"; };
		83DF7DBE1B5E65BE0060CA01 /* BERLocationManager.m */ = {isa = PBXFileReference; fileEncoding = 4; lastKnownFileType = sourcecode.c.objc; name = BERLocationManager.m; path = Model/BERLocationManager.m; sourceTree = "<group>"; };
		83DF7DC01B5E664F0060CA01 /* BERUrlManager.h */ = {isa = PBXFileReference; fileEncoding = 4; lastKnownFileType = sourcecode.c.h; name = BERUrlManager.h; path = Model/BERUrlManager.h; sourceTree = "<group>"; };
		83DF7DC11B5E664F0060CA01 /* BERUrlManager.m */ = {isa = PBXFileReference; fileEncoding = 4; lastKnownFileType = sourcecode.c.objc; name = BERUrlManager.m; path = Model/BERUrlManager.m; sourceTree = "<group>"; };
		83DF7DC31B5E67180060CA01 /* BERSplashLoadingVC.h */ = {isa = PBXFileReference; fileEncoding = 4; lastKnownFileType = sourcecode.c.h; name = BERSplashLoadingVC.h; path = Controller/BERSplashLoadingVC.h; sourceTree = "<group>"; };
		83DF7DC41B5E67180060CA01 /* BERSplashLoadingVC.m */ = {isa = PBXFileReference; fileEncoding = 4; lastKnownFileType = sourcecode.c.objc; name = BERSplashLoadingVC.m; path = Controller/BERSplashLoadingVC.m; sourceTree = "<group>"; };
		83DF7DC61B5E678D0060CA01 /* BERBrandSelectVC.h */ = {isa = PBXFileReference; fileEncoding = 4; lastKnownFileType = sourcecode.c.h; name = BERBrandSelectVC.h; path = Controller/BERBrandSelectVC.h; sourceTree = "<group>"; };
		83DF7DC71B5E678D0060CA01 /* BERBrandSelectVC.m */ = {isa = PBXFileReference; fileEncoding = 4; lastKnownFileType = sourcecode.c.objc; name = BERBrandSelectVC.m; path = Controller/BERBrandSelectVC.m; sourceTree = "<group>"; };
		83DF7DCA1B5E68520060CA01 /* BERBrandTVC.h */ = {isa = PBXFileReference; fileEncoding = 4; lastKnownFileType = sourcecode.c.h; name = BERBrandTVC.h; path = Controller/TableViewCell/BERBrandTVC.h; sourceTree = "<group>"; };
		83DF7DCB1B5E68520060CA01 /* BERBrandTVC.m */ = {isa = PBXFileReference; fileEncoding = 4; lastKnownFileType = sourcecode.c.objc; name = BERBrandTVC.m; path = Controller/TableViewCell/BERBrandTVC.m; sourceTree = "<group>"; };
		83DF7DCD1B5E80C60060CA01 /* BERSearchVC.h */ = {isa = PBXFileReference; fileEncoding = 4; lastKnownFileType = sourcecode.c.h; name = BERSearchVC.h; path = Controller/BERSearchVC.h; sourceTree = "<group>"; };
		83DF7DCE1B5E80C60060CA01 /* BERSearchVC.m */ = {isa = PBXFileReference; fileEncoding = 4; lastKnownFileType = sourcecode.c.objc; name = BERSearchVC.m; path = Controller/BERSearchVC.m; sourceTree = "<group>"; };
		83DF7DD01B5E80F50060CA01 /* BERSearchResultBodyTVC.h */ = {isa = PBXFileReference; fileEncoding = 4; lastKnownFileType = sourcecode.c.h; name = BERSearchResultBodyTVC.h; path = Controller/TableViewCell/BERSearchResultBodyTVC.h; sourceTree = "<group>"; };
		83DF7DD11B5E80F50060CA01 /* BERSearchResultBodyTVC.m */ = {isa = PBXFileReference; fileEncoding = 4; lastKnownFileType = sourcecode.c.objc; name = BERSearchResultBodyTVC.m; path = Controller/TableViewCell/BERSearchResultBodyTVC.m; sourceTree = "<group>"; };
		83DF7DD31B5E812F0060CA01 /* BERSearchResultFooterTVC.h */ = {isa = PBXFileReference; fileEncoding = 4; lastKnownFileType = sourcecode.c.h; name = BERSearchResultFooterTVC.h; path = Controller/TableViewCell/BERSearchResultFooterTVC.h; sourceTree = "<group>"; };
		83DF7DD41B5E812F0060CA01 /* BERSearchResultFooterTVC.m */ = {isa = PBXFileReference; fileEncoding = 4; lastKnownFileType = sourcecode.c.objc; name = BERSearchResultFooterTVC.m; path = Controller/TableViewCell/BERSearchResultFooterTVC.m; sourceTree = "<group>"; };
		83DF7DD61B5EAE5D0060CA01 /* BERDealDetailsVC.h */ = {isa = PBXFileReference; fileEncoding = 4; lastKnownFileType = sourcecode.c.h; name = BERDealDetailsVC.h; path = Controller/BERDealDetailsVC.h; sourceTree = "<group>"; };
		83DF7DD71B5EAE5D0060CA01 /* BERDealDetailsVC.m */ = {isa = PBXFileReference; fileEncoding = 4; lastKnownFileType = sourcecode.c.objc; name = BERDealDetailsVC.m; path = Controller/BERDealDetailsVC.m; sourceTree = "<group>"; };
		83FBCAC31B6054D000A3A311 /* BERNearbyDealsVC.h */ = {isa = PBXFileReference; fileEncoding = 4; lastKnownFileType = sourcecode.c.h; name = BERNearbyDealsVC.h; path = Controller/BERNearbyDealsVC.h; sourceTree = "<group>"; };
		83FBCAC41B6054D000A3A311 /* BERNearbyDealsVC.m */ = {isa = PBXFileReference; fileEncoding = 4; lastKnownFileType = sourcecode.c.objc; name = BERNearbyDealsVC.m; path = Controller/BERNearbyDealsVC.m; sourceTree = "<group>"; };
		83FBCAC61B6054E700A3A311 /* BERStoreDetailsVC.h */ = {isa = PBXFileReference; fileEncoding = 4; lastKnownFileType = sourcecode.c.h; name = BERStoreDetailsVC.h; path = Controller/BERStoreDetailsVC.h; sourceTree = "<group>"; };
		83FBCAC71B6054E700A3A311 /* BERStoreDetailsVC.m */ = {isa = PBXFileReference; fileEncoding = 4; lastKnownFileType = sourcecode.c.objc; name = BERStoreDetailsVC.m; path = Controller/BERStoreDetailsVC.m; sourceTree = "<group>"; };
		83FBCACA1B60733000A3A311 /* SupportedArea.plist */ = {isa = PBXFileReference; fileEncoding = 4; lastKnownFileType = text.plist.xml; name = SupportedArea.plist; path = Data/SupportedArea.plist; sourceTree = "<group>"; };
		83FBCACC1B6079C500A3A311 /* BERDataManager.h */ = {isa = PBXFileReference; fileEncoding = 4; lastKnownFileType = sourcecode.c.h; name = BERDataManager.h; path = Model/BERDataManager.h; sourceTree = "<group>"; };
		83FBCACD1B6079C500A3A311 /* BERDataManager.m */ = {isa = PBXFileReference; fileEncoding = 4; lastKnownFileType = sourcecode.c.objc; name = BERDataManager.m; path = Model/BERDataManager.m; sourceTree = "<group>"; };
		A48C291B529133753F1D8F45 /* Pods-BeeroTests.release.xcconfig */ = {isa = PBXFileReference; includeInIndex = 1; lastKnownFileType = text.xcconfig; name = "Pods-BeeroTests.release.xcconfig"; path = "Pods/Target Support Files/Pods-BeeroTests/Pods-BeeroTests.release.xcconfig"; sourceTree = "<group>"; };
		C8CFBC676BA3336CA4917730 /* Pods-Beero.debug.xcconfig */ = {isa = PBXFileReference; includeInIndex = 1; lastKnownFileType = text.xcconfig; name = "Pods-Beero.debug.xcconfig"; path = "Pods/Target Support Files/Pods-Beero/Pods-Beero.debug.xcconfig"; sourceTree = "<group>"; };
		EC558A77295547A9E5F2544D /* libPods-Beero.a */ = {isa = PBXFileReference; explicitFileType = archive.ar; includeInIndex = 0; path = "libPods-Beero.a"; sourceTree = BUILT_PRODUCTS_DIR; };
		FE28759928E96AC5E6898D7D /* Pods-BeeroTests.debug.xcconfig */ = {isa = PBXFileReference; includeInIndex = 1; lastKnownFileType = text.xcconfig; name = "Pods-BeeroTests.debug.xcconfig"; path = "Pods/Target Support Files/Pods-BeeroTests/Pods-BeeroTests.debug.xcconfig"; sourceTree = "<group>"; };
/* End PBXFileReference section */

/* Begin PBXFrameworksBuildPhase section */
		83DF7D6B1B5E3B680060CA01 /* Frameworks */ = {
			isa = PBXFrameworksBuildPhase;
			buildActionMask = 2147483647;
			files = (
				BC967238E725A2CC4C8A1D1F /* libPods-Beero.a in Frameworks */,
			);
			runOnlyForDeploymentPostprocessing = 0;
		};
		83DF7D841B5E3B690060CA01 /* Frameworks */ = {
			isa = PBXFrameworksBuildPhase;
			buildActionMask = 2147483647;
			files = (
				6202641C5D79882663792FEC /* libPods-BeeroTests.a in Frameworks */,
			);
			runOnlyForDeploymentPostprocessing = 0;
		};
/* End PBXFrameworksBuildPhase section */

/* Begin PBXGroup section */
		6C7CAED52AC6B141D666DB29 /* Pods */ = {
			isa = PBXGroup;
			children = (
				C8CFBC676BA3336CA4917730 /* Pods-Beero.debug.xcconfig */,
				442F08617EE5CBA86CBF2194 /* Pods-Beero.release.xcconfig */,
				FE28759928E96AC5E6898D7D /* Pods-BeeroTests.debug.xcconfig */,
				A48C291B529133753F1D8F45 /* Pods-BeeroTests.release.xcconfig */,
			);
			name = Pods;
			sourceTree = "<group>";
		};
		830987041B68B89400F56230 /* Brand */ = {
			isa = PBXGroup;
			children = (
				830987081B68BDA900F56230 /* BERBrandDataModel.h */,
				830987091B68BDA900F56230 /* BERBrandDataModel.m */,
				830987051B68B8A900F56230 /* BERBrandManager.h */,
				830987061B68B8A900F56230 /* BERBrandManager.m */,
			);
			name = Brand;
			sourceTree = "<group>";
		};
		83DF7D651B5E3B680060CA01 = {
			isa = PBXGroup;
			children = (
				83DF7D701B5E3B680060CA01 /* Beero */,
				83DF7D8A1B5E3B690060CA01 /* BeeroTests */,
				83DF7D6F1B5E3B680060CA01 /* Products */,
				6C7CAED52AC6B141D666DB29 /* Pods */,
				993A32DAAB21AFE9DB7FCA54 /* Frameworks */,
			);
			sourceTree = "<group>";
		};
		83DF7D6F1B5E3B680060CA01 /* Products */ = {
			isa = PBXGroup;
			children = (
				83DF7D6E1B5E3B680060CA01 /* Beero.app */,
				83DF7D871B5E3B690060CA01 /* BeeroTests.xctest */,
			);
			name = Products;
			sourceTree = "<group>";
		};
		83DF7D701B5E3B680060CA01 /* Beero */ = {
			isa = PBXGroup;
			children = (
				83DF7D971B5E48EC0060CA01 /* AppDelegate */,
				83DF7D981B5E48F90060CA01 /* Model */,
				83DF7D991B5E48FE0060CA01 /* View */,
				83DF7D9A1B5E49030060CA01 /* Controller */,
				83FBCAC91B60730400A3A311 /* Data */,
				83DF7D711B5E3B680060CA01 /* Supporting Files */,
			);
			path = Beero;
			sourceTree = "<group>";
		};
		83DF7D711B5E3B680060CA01 /* Supporting Files */ = {
			isa = PBXGroup;
			children = (
				83DF7D721B5E3B680060CA01 /* Info.plist */,
				83DF7D731B5E3B680060CA01 /* main.m */,
			);
			name = "Supporting Files";
			sourceTree = "<group>";
		};
		83DF7D8A1B5E3B690060CA01 /* BeeroTests */ = {
			isa = PBXGroup;
			children = (
				83DF7D8D1B5E3B690060CA01 /* BeeroTests.m */,
				83DF7D8B1B5E3B690060CA01 /* Supporting Files */,
			);
			path = BeeroTests;
			sourceTree = "<group>";
		};
		83DF7D8B1B5E3B690060CA01 /* Supporting Files */ = {
			isa = PBXGroup;
			children = (
				83DF7D8C1B5E3B690060CA01 /* Info.plist */,
			);
			name = "Supporting Files";
			sourceTree = "<group>";
		};
		83DF7D971B5E48EC0060CA01 /* AppDelegate */ = {
			isa = PBXGroup;
			children = (
				83DF7D751B5E3B680060CA01 /* AppDelegate.h */,
				83DF7D761B5E3B680060CA01 /* AppDelegate.m */,
			);
			name = AppDelegate;
			sourceTree = "<group>";
		};
		83DF7D981B5E48F90060CA01 /* Model */ = {
			isa = PBXGroup;
			children = (
				830987041B68B89400F56230 /* Brand */,
				83DF7DA91B5E49830060CA01 /* Global.h */,
				83DF7DB11B5E64D70060CA01 /* BERErrorManager.h */,
				83DF7DB21B5E64D70060CA01 /* BERErrorManager.m */,
				83DF7DB41B5E64FB0060CA01 /* BERGenericFunctionManager.h */,
				83DF7DB51B5E64FB0060CA01 /* BERGenericFunctionManager.m */,
				83DF7DB71B5E654D0060CA01 /* BERGMPlaceAutoCompleteDataModel.h */,
				83DF7DB81B5E654D0060CA01 /* BERGMPlaceAutoCompleteDataModel.m */,
				83DF7DBA1B5E65860060CA01 /* BERLocalstorageManager.h */,
				83DF7DBB1B5E65860060CA01 /* BERLocalstorageManager.m */,
				83DF7DBD1B5E65BE0060CA01 /* BERLocationManager.h */,
				83DF7DBE1B5E65BE0060CA01 /* BERLocationManager.m */,
				83DF7DC01B5E664F0060CA01 /* BERUrlManager.h */,
				83DF7DC11B5E664F0060CA01 /* BERUrlManager.m */,
				83FBCACC1B6079C500A3A311 /* BERDataManager.h */,
				83FBCACD1B6079C500A3A311 /* BERDataManager.m */,
			);
			name = Model;
			sourceTree = "<group>";
		};
		83DF7D991B5E48FE0060CA01 /* View */ = {
			isa = PBXGroup;
			children = (
				83DF7D7B1B5E3B680060CA01 /* Main.storyboard */,
				83DF7D7E1B5E3B680060CA01 /* Images.xcassets */,
			);
			name = View;
			sourceTree = "<group>";
		};
		83DF7D9A1B5E49030060CA01 /* Controller */ = {
			isa = PBXGroup;
			children = (
				83DF7DC91B5E68310060CA01 /* TableViewCell */,
				83DF7DC31B5E67180060CA01 /* BERSplashLoadingVC.h */,
				83DF7DC41B5E67180060CA01 /* BERSplashLoadingVC.m */,
				83DF7DC61B5E678D0060CA01 /* BERBrandSelectVC.h */,
				83DF7DC71B5E678D0060CA01 /* BERBrandSelectVC.m */,
				83DF7DCD1B5E80C60060CA01 /* BERSearchVC.h */,
				83DF7DCE1B5E80C60060CA01 /* BERSearchVC.m */,
				83DF7DD61B5EAE5D0060CA01 /* BERDealDetailsVC.h */,
				83DF7DD71B5EAE5D0060CA01 /* BERDealDetailsVC.m */,
				83FBCAC31B6054D000A3A311 /* BERNearbyDealsVC.h */,
				83FBCAC41B6054D000A3A311 /* BERNearbyDealsVC.m */,
				83FBCAC61B6054E700A3A311 /* BERStoreDetailsVC.h */,
				83FBCAC71B6054E700A3A311 /* BERStoreDetailsVC.m */,
			);
			name = Controller;
			sourceTree = "<group>";
		};
		83DF7DC91B5E68310060CA01 /* TableViewCell */ = {
			isa = PBXGroup;
			children = (
				83DF7DCA1B5E68520060CA01 /* BERBrandTVC.h */,
				83DF7DCB1B5E68520060CA01 /* BERBrandTVC.m */,
				83DF7DD01B5E80F50060CA01 /* BERSearchResultBodyTVC.h */,
				83DF7DD11B5E80F50060CA01 /* BERSearchResultBodyTVC.m */,
				83DF7DD31B5E812F0060CA01 /* BERSearchResultFooterTVC.h */,
				83DF7DD41B5E812F0060CA01 /* BERSearchResultFooterTVC.m */,
			);
			name = TableViewCell;
			sourceTree = "<group>";
		};
		83FBCAC91B60730400A3A311 /* Data */ = {
			isa = PBXGroup;
			children = (
				83FBCACA1B60733000A3A311 /* SupportedArea.plist */,
			);
			name = Data;
			sourceTree = "<group>";
		};
		993A32DAAB21AFE9DB7FCA54 /* Frameworks */ = {
			isa = PBXGroup;
			children = (
				EC558A77295547A9E5F2544D /* libPods-Beero.a */,
				61855FA27DF41AB3F4B7C118 /* libPods-BeeroTests.a */,
			);
			name = Frameworks;
			sourceTree = "<group>";
		};
/* End PBXGroup section */

/* Begin PBXNativeTarget section */
		83DF7D6D1B5E3B680060CA01 /* Beero */ = {
			isa = PBXNativeTarget;
			buildConfigurationList = 83DF7D911B5E3B690060CA01 /* Build configuration list for PBXNativeTarget "Beero" */;
			buildPhases = (
				70A1FA438FC3378AD53EFD2B /* Check Pods Manifest.lock */,
				83DF7D6A1B5E3B680060CA01 /* Sources */,
				83DF7D6B1B5E3B680060CA01 /* Frameworks */,
				83DF7D6C1B5E3B680060CA01 /* Resources */,
				C53F230E8EEA33835405201E /* Copy Pods Resources */,
			);
			buildRules = (
			);
			dependencies = (
			);
			name = Beero;
			productName = Beero;
			productReference = 83DF7D6E1B5E3B680060CA01 /* Beero.app */;
			productType = "com.apple.product-type.application";
		};
		83DF7D861B5E3B690060CA01 /* BeeroTests */ = {
			isa = PBXNativeTarget;
			buildConfigurationList = 83DF7D941B5E3B690060CA01 /* Build configuration list for PBXNativeTarget "BeeroTests" */;
			buildPhases = (
				2B3932CC7E8E8FBF8995D7C5 /* Check Pods Manifest.lock */,
				83DF7D831B5E3B690060CA01 /* Sources */,
				83DF7D841B5E3B690060CA01 /* Frameworks */,
				83DF7D851B5E3B690060CA01 /* Resources */,
				0F27916FECA690C89ADD0266 /* Copy Pods Resources */,
			);
			buildRules = (
			);
			dependencies = (
				83DF7D891B5E3B690060CA01 /* PBXTargetDependency */,
			);
			name = BeeroTests;
			productName = BeeroTests;
			productReference = 83DF7D871B5E3B690060CA01 /* BeeroTests.xctest */;
			productType = "com.apple.product-type.bundle.unit-test";
		};
/* End PBXNativeTarget section */

/* Begin PBXProject section */
		83DF7D661B5E3B680060CA01 /* Project object */ = {
			isa = PBXProject;
			attributes = {
				CLASSPREFIX = BER;
				LastUpgradeCheck = 0630;
				ORGANIZATIONNAME = Beero;
				TargetAttributes = {
					83DF7D6D1B5E3B680060CA01 = {
						CreatedOnToolsVersion = 6.3;
						DevelopmentTeam = JFH2EVWP3B;
					};
					83DF7D861B5E3B690060CA01 = {
						CreatedOnToolsVersion = 6.3;
						TestTargetID = 83DF7D6D1B5E3B680060CA01;
					};
				};
			};
			buildConfigurationList = 83DF7D691B5E3B680060CA01 /* Build configuration list for PBXProject "Beero" */;
			compatibilityVersion = "Xcode 3.2";
			developmentRegion = English;
			hasScannedForEncodings = 0;
			knownRegions = (
				en,
				Base,
			);
			mainGroup = 83DF7D651B5E3B680060CA01;
			productRefGroup = 83DF7D6F1B5E3B680060CA01 /* Products */;
			projectDirPath = "";
			projectRoot = "";
			targets = (
				83DF7D6D1B5E3B680060CA01 /* Beero */,
				83DF7D861B5E3B690060CA01 /* BeeroTests */,
			);
		};
/* End PBXProject section */

/* Begin PBXResourcesBuildPhase section */
		83DF7D6C1B5E3B680060CA01 /* Resources */ = {
			isa = PBXResourcesBuildPhase;
			buildActionMask = 2147483647;
			files = (
				83FBCACB1B60733000A3A311 /* SupportedArea.plist in Resources */,
				83DF7D7D1B5E3B680060CA01 /* Main.storyboard in Resources */,
				83DF7D7F1B5E3B680060CA01 /* Images.xcassets in Resources */,
			);
			runOnlyForDeploymentPostprocessing = 0;
		};
		83DF7D851B5E3B690060CA01 /* Resources */ = {
			isa = PBXResourcesBuildPhase;
			buildActionMask = 2147483647;
			files = (
			);
			runOnlyForDeploymentPostprocessing = 0;
		};
/* End PBXResourcesBuildPhase section */

/* Begin PBXShellScriptBuildPhase section */
		0F27916FECA690C89ADD0266 /* Copy Pods Resources */ = {
			isa = PBXShellScriptBuildPhase;
			buildActionMask = 2147483647;
			files = (
			);
			inputPaths = (
			);
			name = "Copy Pods Resources";
			outputPaths = (
			);
			runOnlyForDeploymentPostprocessing = 0;
			shellPath = /bin/sh;
			shellScript = "\"${SRCROOT}/Pods/Target Support Files/Pods-BeeroTests/Pods-BeeroTests-resources.sh\"\n";
			showEnvVarsInLog = 0;
		};
		2B3932CC7E8E8FBF8995D7C5 /* Check Pods Manifest.lock */ = {
			isa = PBXShellScriptBuildPhase;
			buildActionMask = 2147483647;
			files = (
			);
			inputPaths = (
			);
			name = "Check Pods Manifest.lock";
			outputPaths = (
			);
			runOnlyForDeploymentPostprocessing = 0;
			shellPath = /bin/sh;
			shellScript = "diff \"${PODS_ROOT}/../Podfile.lock\" \"${PODS_ROOT}/Manifest.lock\" > /dev/null\nif [[ $? != 0 ]] ; then\n    cat << EOM\nerror: The sandbox is not in sync with the Podfile.lock. Run 'pod install' or update your CocoaPods installation.\nEOM\n    exit 1\nfi\n";
			showEnvVarsInLog = 0;
		};
		70A1FA438FC3378AD53EFD2B /* Check Pods Manifest.lock */ = {
			isa = PBXShellScriptBuildPhase;
			buildActionMask = 2147483647;
			files = (
			);
			inputPaths = (
			);
			name = "Check Pods Manifest.lock";
			outputPaths = (
			);
			runOnlyForDeploymentPostprocessing = 0;
			shellPath = /bin/sh;
			shellScript = "diff \"${PODS_ROOT}/../Podfile.lock\" \"${PODS_ROOT}/Manifest.lock\" > /dev/null\nif [[ $? != 0 ]] ; then\n    cat << EOM\nerror: The sandbox is not in sync with the Podfile.lock. Run 'pod install' or update your CocoaPods installation.\nEOM\n    exit 1\nfi\n";
			showEnvVarsInLog = 0;
		};
		C53F230E8EEA33835405201E /* Copy Pods Resources */ = {
			isa = PBXShellScriptBuildPhase;
			buildActionMask = 2147483647;
			files = (
			);
			inputPaths = (
			);
			name = "Copy Pods Resources";
			outputPaths = (
			);
			runOnlyForDeploymentPostprocessing = 0;
			shellPath = /bin/sh;
			shellScript = "\"${SRCROOT}/Pods/Target Support Files/Pods-Beero/Pods-Beero-resources.sh\"\n";
			showEnvVarsInLog = 0;
		};
/* End PBXShellScriptBuildPhase section */

/* Begin PBXSourcesBuildPhase section */
		83DF7D6A1B5E3B680060CA01 /* Sources */ = {
			isa = PBXSourcesBuildPhase;
			buildActionMask = 2147483647;
			files = (
				83DF7DD81B5EAE5D0060CA01 /* BERDealDetailsVC.m in Sources */,
				83DF7DB91B5E654D0060CA01 /* BERGMPlaceAutoCompleteDataModel.m in Sources */,
				83DF7DCF1B5E80C60060CA01 /* BERSearchVC.m in Sources */,
				83DF7D771B5E3B680060CA01 /* AppDelegate.m in Sources */,
				83DF7DB61B5E64FB0060CA01 /* BERGenericFunctionManager.m in Sources */,
				8309870A1B68BDA900F56230 /* BERBrandDataModel.m in Sources */,
				83FBCAC81B6054E700A3A311 /* BERStoreDetailsVC.m in Sources */,
				83DF7DC51B5E67180060CA01 /* BERSplashLoadingVC.m in Sources */,
				83DF7DB31B5E64D70060CA01 /* BERErrorManager.m in Sources */,
				83DF7DC21B5E664F0060CA01 /* BERUrlManager.m in Sources */,
				83DF7DD21B5E80F50060CA01 /* BERSearchResultBodyTVC.m in Sources */,
				83FBCAC51B6054D000A3A311 /* BERNearbyDealsVC.m in Sources */,
				83FBCACE1B6079C500A3A311 /* BERDataManager.m in Sources */,
				83DF7DC81B5E678D0060CA01 /* BERBrandSelectVC.m in Sources */,
				83DF7DBC1B5E65860060CA01 /* BERLocalstorageManager.m in Sources */,
				830987071B68B8A900F56230 /* BERBrandManager.m in Sources */,
				83DF7DCC1B5E68520060CA01 /* BERBrandTVC.m in Sources */,
				83DF7DBF1B5E65BE0060CA01 /* BERLocationManager.m in Sources */,
				83DF7DD51B5E812F0060CA01 /* BERSearchResultFooterTVC.m in Sources */,
				83DF7D741B5E3B680060CA01 /* main.m in Sources */,
			);
			runOnlyForDeploymentPostprocessing = 0;
		};
		83DF7D831B5E3B690060CA01 /* Sources */ = {
			isa = PBXSourcesBuildPhase;
			buildActionMask = 2147483647;
			files = (
				83DF7D8E1B5E3B690060CA01 /* BeeroTests.m in Sources */,
			);
			runOnlyForDeploymentPostprocessing = 0;
		};
/* End PBXSourcesBuildPhase section */

/* Begin PBXTargetDependency section */
		83DF7D891B5E3B690060CA01 /* PBXTargetDependency */ = {
			isa = PBXTargetDependency;
			target = 83DF7D6D1B5E3B680060CA01 /* Beero */;
			targetProxy = 83DF7D881B5E3B690060CA01 /* PBXContainerItemProxy */;
		};
/* End PBXTargetDependency section */

/* Begin PBXVariantGroup section */
		83DF7D7B1B5E3B680060CA01 /* Main.storyboard */ = {
			isa = PBXVariantGroup;
			children = (
				83DF7D7C1B5E3B680060CA01 /* Base */,
			);
			name = Main.storyboard;
			sourceTree = "<group>";
		};
/* End PBXVariantGroup section */

/* Begin XCBuildConfiguration section */
		83DF7D8F1B5E3B690060CA01 /* Debug */ = {
			isa = XCBuildConfiguration;
			buildSettings = {
				ALWAYS_SEARCH_USER_PATHS = NO;
				CLANG_CXX_LANGUAGE_STANDARD = "gnu++0x";
				CLANG_CXX_LIBRARY = "libc++";
				CLANG_ENABLE_MODULES = YES;
				CLANG_ENABLE_OBJC_ARC = YES;
				CLANG_WARN_BOOL_CONVERSION = YES;
				CLANG_WARN_CONSTANT_CONVERSION = YES;
				CLANG_WARN_DIRECT_OBJC_ISA_USAGE = YES_ERROR;
				CLANG_WARN_EMPTY_BODY = YES;
				CLANG_WARN_ENUM_CONVERSION = YES;
				CLANG_WARN_INT_CONVERSION = YES;
				CLANG_WARN_OBJC_ROOT_CLASS = YES_ERROR;
				CLANG_WARN_UNREACHABLE_CODE = YES;
				CLANG_WARN__DUPLICATE_METHOD_MATCH = YES;
				CODE_SIGN_IDENTITY = "iPhone Distribution: AoGe He (JFH2EVWP3B)";
				"CODE_SIGN_IDENTITY[sdk=iphoneos*]" = "iPhone Distribution: AoGe He (JFH2EVWP3B)";
				COPY_PHASE_STRIP = NO;
				DEBUG_INFORMATION_FORMAT = "dwarf-with-dsym";
				ENABLE_STRICT_OBJC_MSGSEND = YES;
				GCC_C_LANGUAGE_STANDARD = gnu99;
				GCC_DYNAMIC_NO_PIC = NO;
				GCC_NO_COMMON_BLOCKS = YES;
				GCC_OPTIMIZATION_LEVEL = 0;
				GCC_PREPROCESSOR_DEFINITIONS = (
					"DEBUG=1",
					"$(inherited)",
				);
				GCC_SYMBOLS_PRIVATE_EXTERN = NO;
				GCC_WARN_64_TO_32_BIT_CONVERSION = YES;
				GCC_WARN_ABOUT_RETURN_TYPE = YES_ERROR;
				GCC_WARN_UNDECLARED_SELECTOR = YES;
				GCC_WARN_UNINITIALIZED_AUTOS = YES_AGGRESSIVE;
				GCC_WARN_UNUSED_FUNCTION = YES;
				GCC_WARN_UNUSED_VARIABLE = YES;
				IPHONEOS_DEPLOYMENT_TARGET = 8.3;
				MTL_ENABLE_DEBUG_INFO = YES;
				ONLY_ACTIVE_ARCH = YES;
				PROVISIONING_PROFILE = "550a6976-2ce5-46fa-b844-951064322af9";
				SDKROOT = iphoneos;
			};
			name = Debug;
		};
		83DF7D901B5E3B690060CA01 /* Release */ = {
			isa = XCBuildConfiguration;
			buildSettings = {
				ALWAYS_SEARCH_USER_PATHS = NO;
				CLANG_CXX_LANGUAGE_STANDARD = "gnu++0x";
				CLANG_CXX_LIBRARY = "libc++";
				CLANG_ENABLE_MODULES = YES;
				CLANG_ENABLE_OBJC_ARC = YES;
				CLANG_WARN_BOOL_CONVERSION = YES;
				CLANG_WARN_CONSTANT_CONVERSION = YES;
				CLANG_WARN_DIRECT_OBJC_ISA_USAGE = YES_ERROR;
				CLANG_WARN_EMPTY_BODY = YES;
				CLANG_WARN_ENUM_CONVERSION = YES;
				CLANG_WARN_INT_CONVERSION = YES;
				CLANG_WARN_OBJC_ROOT_CLASS = YES_ERROR;
				CLANG_WARN_UNREACHABLE_CODE = YES;
				CLANG_WARN__DUPLICATE_METHOD_MATCH = YES;
				CODE_SIGN_IDENTITY = "iPhone Distribution: AoGe He (JFH2EVWP3B)";
				"CODE_SIGN_IDENTITY[sdk=iphoneos*]" = "iPhone Distribution: AoGe He (JFH2EVWP3B)";
				COPY_PHASE_STRIP = NO;
				DEBUG_INFORMATION_FORMAT = "dwarf-with-dsym";
				ENABLE_NS_ASSERTIONS = NO;
				ENABLE_STRICT_OBJC_MSGSEND = YES;
				GCC_C_LANGUAGE_STANDARD = gnu99;
				GCC_NO_COMMON_BLOCKS = YES;
				GCC_WARN_64_TO_32_BIT_CONVERSION = YES;
				GCC_WARN_ABOUT_RETURN_TYPE = YES_ERROR;
				GCC_WARN_UNDECLARED_SELECTOR = YES;
				GCC_WARN_UNINITIALIZED_AUTOS = YES_AGGRESSIVE;
				GCC_WARN_UNUSED_FUNCTION = YES;
				GCC_WARN_UNUSED_VARIABLE = YES;
				IPHONEOS_DEPLOYMENT_TARGET = 8.3;
				MTL_ENABLE_DEBUG_INFO = NO;
				PROVISIONING_PROFILE = "550a6976-2ce5-46fa-b844-951064322af9";
				SDKROOT = iphoneos;
				VALIDATE_PRODUCT = YES;
			};
			name = Release;
		};
		83DF7D921B5E3B690060CA01 /* Debug */ = {
			isa = XCBuildConfiguration;
			baseConfigurationReference = C8CFBC676BA3336CA4917730 /* Pods-Beero.debug.xcconfig */;
			buildSettings = {
				ASSETCATALOG_COMPILER_APPICON_NAME = AppIcon;
				ASSETCATALOG_COMPILER_LAUNCHIMAGE_NAME = LaunchImage;
				CODE_SIGN_IDENTITY = "iPhone Distribution: AoGe He (JFH2EVWP3B)";
				"CODE_SIGN_IDENTITY[sdk=iphoneos*]" = "iPhone Distribution: AoGe He (JFH2EVWP3B)";
				INFOPLIST_FILE = Beero/Info.plist;
				IPHONEOS_DEPLOYMENT_TARGET = 7.1;
				LD_RUNPATH_SEARCH_PATHS = "$(inherited) @executable_path/Frameworks";
				PRODUCT_NAME = "$(TARGET_NAME)";
				PROVISIONING_PROFILE = "550a6976-2ce5-46fa-b844-951064322af9";
			};
			name = Debug;
		};
		83DF7D931B5E3B690060CA01 /* Release */ = {
			isa = XCBuildConfiguration;
			baseConfigurationReference = 442F08617EE5CBA86CBF2194 /* Pods-Beero.release.xcconfig */;
			buildSettings = {
				ASSETCATALOG_COMPILER_APPICON_NAME = AppIcon;
				ASSETCATALOG_COMPILER_LAUNCHIMAGE_NAME = LaunchImage;
				CODE_SIGN_IDENTITY = "iPhone Distribution: AoGe He (JFH2EVWP3B)";
				"CODE_SIGN_IDENTITY[sdk=iphoneos*]" = "iPhone Distribution: AoGe He (JFH2EVWP3B)";
				INFOPLIST_FILE = Beero/Info.plist;
				IPHONEOS_DEPLOYMENT_TARGET = 7.1;
				LD_RUNPATH_SEARCH_PATHS = "$(inherited) @executable_path/Frameworks";
				PRODUCT_NAME = "$(TARGET_NAME)";
				PROVISIONING_PROFILE = "550a6976-2ce5-46fa-b844-951064322af9";
			};
			name = Release;
		};
		83DF7D951B5E3B690060CA01 /* Debug */ = {
			isa = XCBuildConfiguration;
			baseConfigurationReference = FE28759928E96AC5E6898D7D /* Pods-BeeroTests.debug.xcconfig */;
			buildSettings = {
				BUNDLE_LOADER = "$(TEST_HOST)";
				FRAMEWORK_SEARCH_PATHS = (
					"$(SDKROOT)/Developer/Library/Frameworks",
					"$(inherited)",
				);
				GCC_PREPROCESSOR_DEFINITIONS = (
					"DEBUG=1",
					"$(inherited)",
				);
				INFOPLIST_FILE = BeeroTests/Info.plist;
				LD_RUNPATH_SEARCH_PATHS = "$(inherited) @executable_path/Frameworks @loader_path/Frameworks";
				PRODUCT_NAME = "$(TARGET_NAME)";
				TEST_HOST = "$(BUILT_PRODUCTS_DIR)/Beero.app/Beero";
			};
			name = Debug;
		};
		83DF7D961B5E3B690060CA01 /* Release */ = {
			isa = XCBuildConfiguration;
			baseConfigurationReference = A48C291B529133753F1D8F45 /* Pods-BeeroTests.release.xcconfig */;
			buildSettings = {
				BUNDLE_LOADER = "$(TEST_HOST)";
				FRAMEWORK_SEARCH_PATHS = (
					"$(SDKROOT)/Developer/Library/Frameworks",
					"$(inherited)",
				);
				INFOPLIST_FILE = BeeroTests/Info.plist;
				LD_RUNPATH_SEARCH_PATHS = "$(inherited) @executable_path/Frameworks @loader_path/Frameworks";
				PRODUCT_NAME = "$(TARGET_NAME)";
				TEST_HOST = "$(BUILT_PRODUCTS_DIR)/Beero.app/Beero";
			};
			name = Release;
		};
/* End XCBuildConfiguration section */

/* Begin XCConfigurationList section */
		83DF7D691B5E3B680060CA01 /* Build configuration list for PBXProject "Beero" */ = {
			isa = XCConfigurationList;
			buildConfigurations = (
				83DF7D8F1B5E3B690060CA01 /* Debug */,
				83DF7D901B5E3B690060CA01 /* Release */,
			);
			defaultConfigurationIsVisible = 0;
			defaultConfigurationName = Release;
		};
		83DF7D911B5E3B690060CA01 /* Build configuration list for PBXNativeTarget "Beero" */ = {
			isa = XCConfigurationList;
			buildConfigurations = (
				83DF7D921B5E3B690060CA01 /* Debug */,
				83DF7D931B5E3B690060CA01 /* Release */,
			);
			defaultConfigurationIsVisible = 0;
			defaultConfigurationName = Release;
		};
		83DF7D941B5E3B690060CA01 /* Build configuration list for PBXNativeTarget "BeeroTests" */ = {
			isa = XCConfigurationList;
			buildConfigurations = (
				83DF7D951B5E3B690060CA01 /* Debug */,
				83DF7D961B5E3B690060CA01 /* Release */,
			);
			defaultConfigurationIsVisible = 0;
			defaultConfigurationName = Release;
		};
/* End XCConfigurationList section */
	};
	rootObject = 83DF7D661B5E3B680060CA01 /* Project object */;
}
